// !$*UTF8*$!
{
	archiveVersion = 1;
	classes = {
	};
	objectVersion = 46;
	objects = {

/* Begin PBXBuildFile section */
		181918EE1AED184E008F9264 /* main.m in Sources */ = {isa = PBXBuildFile; fileRef = 181918ED1AED184E008F9264 /* main.m */; };
		181918F11AED184E008F9264 /* AppDelegate.m in Sources */ = {isa = PBXBuildFile; fileRef = 181918F01AED184E008F9264 /* AppDelegate.m */; };
		181918F41AED184E008F9264 /* ViewController.m in Sources */ = {isa = PBXBuildFile; fileRef = 181918F31AED184E008F9264 /* ViewController.m */; };
		181918F71AED184E008F9264 /* Main.storyboard in Resources */ = {isa = PBXBuildFile; fileRef = 181918F51AED184E008F9264 /* Main.storyboard */; };
		181918F91AED184E008F9264 /* Images.xcassets in Resources */ = {isa = PBXBuildFile; fileRef = 181918F81AED184E008F9264 /* Images.xcassets */; };
		181918FC1AED184E008F9264 /* LaunchScreen.xib in Resources */ = {isa = PBXBuildFile; fileRef = 181918FA1AED184E008F9264 /* LaunchScreen.xib */; };
		181919081AED184E008F9264 /* ____Tests.m in Sources */ = {isa = PBXBuildFile; fileRef = 181919071AED184E008F9264 /* ____Tests.m */; };
/* End PBXBuildFile section */

/* Begin PBXContainerItemProxy section */
		181919021AED184E008F9264 /* PBXContainerItemProxy */ = {
			isa = PBXContainerItemProxy;
			containerPortal = 181918E01AED184E008F9264 /* Project object */;
			proxyType = 1;
			remoteGlobalIDString = 181918E71AED184E008F9264;
			remoteInfo = "全景汽车";
		};
/* End PBXContainerItemProxy section */

/* Begin PBXFileReference section */
		181918E81AED184E008F9264 /* 全景汽车.app */ = {isa = PBXFileReference; explicitFileType = wrapper.application; includeInIndex = 0; path = "全景汽车.app"; sourceTree = BUILT_PRODUCTS_DIR; };
		181918EC1AED184E008F9264 /* Info.plist */ = {isa = PBXFileReference; lastKnownFileType = text.plist.xml; path = Info.plist; sourceTree = "<group>"; };
		181918ED1AED184E008F9264 /* main.m */ = {isa = PBXFileReference; lastKnownFileType = sourcecode.c.objc; path = main.m; sourceTree = "<group>"; };
		181918EF1AED184E008F9264 /* AppDelegate.h */ = {isa = PBXFileReference; lastKnownFileType = sourcecode.c.h; path = AppDelegate.h; sourceTree = "<group>"; };
		181918F01AED184E008F9264 /* AppDelegate.m */ = {isa = PBXFileReference; lastKnownFileType = sourcecode.c.objc; path = AppDelegate.m; sourceTree = "<group>"; };
		181918F21AED184E008F9264 /* ViewController.h */ = {isa = PBXFileReference; lastKnownFileType = sourcecode.c.h; path = ViewController.h; sourceTree = "<group>"; };
		181918F31AED184E008F9264 /* ViewController.m */ = {isa = PBXFileReference; lastKnownFileType = sourcecode.c.objc; path = ViewController.m; sourceTree = "<group>"; };
		181918F61AED184E008F9264 /* Base */ = {isa = PBXFileReference; lastKnownFileType = file.storyboard; name = Base; path = Base.lproj/Main.storyboard; sourceTree = "<group>"; };
		181918F81AED184E008F9264 /* Images.xcassets */ = {isa = PBXFileReference; lastKnownFileType = folder.assetcatalog; path = Images.xcassets; sourceTree = "<group>"; };
		181918FB1AED184E008F9264 /* Base */ = {isa = PBXFileReference; lastKnownFileType = file.xib; name = Base; path = Base.lproj/LaunchScreen.xib; sourceTree = "<group>"; };
		181919011AED184E008F9264 /* 全景汽车Tests.xctest */ = {isa = PBXFileReference; explicitFileType = wrapper.cfbundle; includeInIndex = 0; path = "全景汽车Tests.xctest"; sourceTree = BUILT_PRODUCTS_DIR; };
		181919061AED184E008F9264 /* Info.plist */ = {isa = PBXFileReference; lastKnownFileType = text.plist.xml; path = Info.plist; sourceTree = "<group>"; };
		181919071AED184E008F9264 /* ____Tests.m */ = {isa = PBXFileReference; lastKnownFileType = sourcecode.c.objc; path = "____Tests.m"; sourceTree = "<group>"; };
/* End PBXFileReference section */

/* Begin PBXFrameworksBuildPhase section */
		181918E51AED184E008F9264 /* Frameworks */ = {
			isa = PBXFrameworksBuildPhase;
			buildActionMask = 2147483647;
			files = (
			);
			runOnlyForDeploymentPostprocessing = 0;
		};
		181918FE1AED184E008F9264 /* Frameworks */ = {
			isa = PBXFrameworksBuildPhase;
			buildActionMask = 2147483647;
			files = (
			);
			runOnlyForDeploymentPostprocessing = 0;
		};
/* End PBXFrameworksBuildPhase section */

/* Begin PBXGroup section */
		181918DF1AED184E008F9264 = {
			isa = PBXGroup;
			children = (
				181918EA1AED184E008F9264 /* 全景汽车 */,
				181919041AED184E008F9264 /* 全景汽车Tests */,
				181918E91AED184E008F9264 /* Products */,
			);
			sourceTree = "<group>";
		};
		181918E91AED184E008F9264 /* Products */ = {
			isa = PBXGroup;
			children = (
				181918E81AED184E008F9264 /* 全景汽车.app */,
				181919011AED184E008F9264 /* 全景汽车Tests.xctest */,
			);
			name = Products;
			sourceTree = "<group>";
		};
		181918EA1AED184E008F9264 /* 全景汽车 */ = {
			isa = PBXGroup;
			children = (
				181918EF1AED184E008F9264 /* AppDelegate.h */,
				181918F01AED184E008F9264 /* AppDelegate.m */,
				181918F21AED184E008F9264 /* ViewController.h */,
				181918F31AED184E008F9264 /* ViewController.m */,
				181918F51AED184E008F9264 /* Main.storyboard */,
				181918F81AED184E008F9264 /* Images.xcassets */,
				181918FA1AED184E008F9264 /* LaunchScreen.xib */,
				181918EB1AED184E008F9264 /* Supporting Files */,
			);
			path = "全景汽车";
			sourceTree = "<group>";
		};
		181918EB1AED184E008F9264 /* Supporting Files */ = {
			isa = PBXGroup;
			children = (
				181918EC1AED184E008F9264 /* Info.plist */,
				181918ED1AED184E008F9264 /* main.m */,
			);
			name = "Supporting Files";
			sourceTree = "<group>";
		};
		181919041AED184E008F9264 /* 全景汽车Tests */ = {
			isa = PBXGroup;
			children = (
				181919071AED184E008F9264 /* ____Tests.m */,
				181919051AED184E008F9264 /* Supporting Files */,
			);
			path = "全景汽车Tests";
			sourceTree = "<group>";
		};
		181919051AED184E008F9264 /* Supporting Files */ = {
			isa = PBXGroup;
			children = (
				181919061AED184E008F9264 /* Info.plist */,
			);
			name = "Supporting Files";
			sourceTree = "<group>";
		};
/* End PBXGroup section */

/* Begin PBXNativeTarget section */
		181918E71AED184E008F9264 /* 全景汽车 */ = {
			isa = PBXNativeTarget;
			buildConfigurationList = 1819190B1AED184E008F9264 /* Build configuration list for PBXNativeTarget "全景汽车" */;
			buildPhases = (
				181918E41AED184E008F9264 /* Sources */,
				181918E51AED184E008F9264 /* Frameworks */,
				181918E61AED184E008F9264 /* Resources */,
			);
			buildRules = (
			);
			dependencies = (
			);
			name = "全景汽车";
			productName = "全景汽车";
			productReference = 181918E81AED184E008F9264 /* 全景汽车.app */;
			productType = "com.apple.product-type.application";
		};
		181919001AED184E008F9264 /* 全景汽车Tests */ = {
			isa = PBXNativeTarget;
			buildConfigurationList = 1819190E1AED184E008F9264 /* Build configuration list for PBXNativeTarget "全景汽车Tests" */;
			buildPhases = (
				181918FD1AED184E008F9264 /* Sources */,
				181918FE1AED184E008F9264 /* Frameworks */,
				181918FF1AED184E008F9264 /* Resources */,
			);
			buildRules = (
			);
			dependencies = (
				181919031AED184E008F9264 /* PBXTargetDependency */,
			);
			name = "全景汽车Tests";
			productName = "全景汽车Tests";
			productReference = 181919011AED184E008F9264 /* 全景汽车Tests.xctest */;
			productType = "com.apple.product-type.bundle.unit-test";
		};
/* End PBXNativeTarget section */

/* Begin PBXProject section */
		181918E01AED184E008F9264 /* Project object */ = {
			isa = PBXProject;
			attributes = {
				LastUpgradeCheck = 0620;
				ORGANIZATIONNAME = "七";
				TargetAttributes = {
					181918E71AED184E008F9264 = {
						CreatedOnToolsVersion = 6.2;
					};
					181919001AED184E008F9264 = {
						CreatedOnToolsVersion = 6.2;
						TestTargetID = 181918E71AED184E008F9264;
					};
				};
			};
			buildConfigurationList = 181918E31AED184E008F9264 /* Build configuration list for PBXProject "全景汽车" */;
			compatibilityVersion = "Xcode 3.2";
			developmentRegion = English;
			hasScannedForEncodings = 0;
			knownRegions = (
				en,
				Base,
			);
			mainGroup = 181918DF1AED184E008F9264;
			productRefGroup = 181918E91AED184E008F9264 /* Products */;
			projectDirPath = "";
			projectRoot = "";
			targets = (
				181918E71AED184E008F9264 /* 全景汽车 */,
				181919001AED184E008F9264 /* 全景汽车Tests */,
			);
		};
/* End PBXProject section */

/* Begin PBXResourcesBuildPhase section */
		181918E61AED184E008F9264 /* Resources */ = {
			isa = PBXResourcesBuildPhase;
			buildActionMask = 2147483647;
			files = (
				181918F71AED184E008F9264 /* Main.storyboard in Resources */,
				181918FC1AED184E008F9264 /* LaunchScreen.xib in Resources */,
				181918F91AED184E008F9264 /* Images.xcassets in Resources */,
			);
			runOnlyForDeploymentPostprocessing = 0;
		};
		181918FF1AED184E008F9264 /* Resources */ = {
			isa = PBXResourcesBuildPhase;
			buildActionMask = 2147483647;
			files = (
			);
			runOnlyForDeploymentPostprocessing = 0;
		};
/* End PBXResourcesBuildPhase section */

/* Begin PBXSourcesBuildPhase section */
		181918E41AED184E008F9264 /* Sources */ = {
			isa = PBXSourcesBuildPhase;
			buildActionMask = 2147483647;
			files = (
				181918F41AED184E008F9264 /* ViewController.m in Sources */,
				181918F11AED184E008F9264 /* AppDelegate.m in Sources */,
				181918EE1AED184E008F9264 /* main.m in Sources */,
			);
			runOnlyForDeploymentPostprocessing = 0;
		};
		181918FD1AED184E008F9264 /* Sources */ = {
			isa = PBXSourcesBuildPhase;
			buildActionMask = 2147483647;
			files = (
				181919081AED184E008F9264 /* ____Tests.m in Sources */,
			);
			runOnlyForDeploymentPostprocessing = 0;
		};
/* End PBXSourcesBuildPhase section */

/* Begin PBXTargetDependency section */
		181919031AED184E008F9264 /* PBXTargetDependency */ = {
			isa = PBXTargetDependency;
			target = 181918E71AED184E008F9264 /* 全景汽车 */;
			targetProxy = 181919021AED184E008F9264 /* PBXContainerItemProxy */;
		};
/* End PBXTargetDependency section */

/* Begin PBXVariantGroup section */
		181918F51AED184E008F9264 /* Main.storyboard */ = {
			isa = PBXVariantGroup;
			children = (
				181918F61AED184E008F9264 /* Base */,
			);
			name = Main.storyboard;
			sourceTree = "<group>";
		};
		181918FA1AED184E008F9264 /* LaunchScreen.xib */ = {
			isa = PBXVariantGroup;
			children = (
				181918FB1AED184E008F9264 /* Base */,
			);
			name = LaunchScreen.xib;
			sourceTree = "<group>";
		};
/* End PBXVariantGroup section */

/* Begin XCBuildConfiguration section */
		181919091AED184E008F9264 /* Debug */ = {
			isa = XCBuildConfiguration;
			buildSettings = {
				ALWAYS_SEARCH_USER_PATHS = NO;
				CLANG_CXX_LANGUAGE_STANDARD = "gnu++0x";
				CLANG_CXX_LIBRARY = "libc++";
				CLANG_ENABLE_MODULES = YES;
				CLANG_ENABLE_OBJC_ARC = YES;
				CLANG_WARN_BOOL_CONVERSION = YES;
				CLANG_WARN_CONSTANT_CONVERSION = YES;
				CLANG_WARN_DIRECT_OBJC_ISA_USAGE = YES_ERROR;
				CLANG_WARN_EMPTY_BODY = YES;
				CLANG_WARN_ENUM_CONVERSION = YES;
				CLANG_WARN_INT_CONVERSION = YES;
				CLANG_WARN_OBJC_ROOT_CLASS = YES_ERROR;
				CLANG_WARN_UNREACHABLE_CODE = YES;
				CLANG_WARN__DUPLICATE_METHOD_MATCH = YES;
				"CODE_SIGN_IDENTITY[sdk=iphoneos*]" = "iPhone Developer";
				COPY_PHASE_STRIP = NO;
				ENABLE_STRICT_OBJC_MSGSEND = YES;
				GCC_C_LANGUAGE_STANDARD = gnu99;
				GCC_DYNAMIC_NO_PIC = NO;
				GCC_OPTIMIZATION_LEVEL = 0;
				GCC_PREPROCESSOR_DEFINITIONS = (
					"DEBUG=1",
					"$(inherited)",
				);
				GCC_SYMBOLS_PRIVATE_EXTERN = NO;
				GCC_WARN_64_TO_32_BIT_CONVERSION = YES;
				GCC_WARN_ABOUT_RETURN_TYPE = YES_ERROR;
				GCC_WARN_UNDECLARED_SELECTOR = YES;
				GCC_WARN_UNINITIALIZED_AUTOS = YES_AGGRESSIVE;
				GCC_WARN_UNUSED_FUNCTION = YES;
				GCC_WARN_UNUSED_VARIABLE = YES;
				IPHONEOS_DEPLOYMENT_TARGET = 8.2;
				MTL_ENABLE_DEBUG_INFO = YES;
				ONLY_ACTIVE_ARCH = YES;
				SDKROOT = iphoneos;
			};
			name = Debug;
		};
		1819190A1AED184E008F9264 /* Release */ = {
			isa = XCBuildConfiguration;
			buildSettings = {
				ALWAYS_SEARCH_USER_PATHS = NO;
				CLANG_CXX_LANGUAGE_STANDARD = "gnu++0x";
				CLANG_CXX_LIBRARY = "libc++";
				CLANG_ENABLE_MODULES = YES;
				CLANG_ENABLE_OBJC_ARC = YES;
				CLANG_WARN_BOOL_CONVERSION = YES;
				CLANG_WARN_CONSTANT_CONVERSION = YES;
				CLANG_WARN_DIRECT_OBJC_ISA_USAGE = YES_ERROR;
				CLANG_WARN_EMPTY_BODY = YES;
				CLANG_WARN_ENUM_CONVERSION = YES;
				CLANG_WARN_INT_CONVERSION = YES;
				CLANG_WARN_OBJC_ROOT_CLASS = YES_ERROR;
				CLANG_WARN_UNREACHABLE_CODE = YES;
				CLANG_WARN__DUPLICATE_METHOD_MATCH = YES;
				"CODE_SIGN_IDENTITY[sdk=iphoneos*]" = "iPhone Developer";
				COPY_PHASE_STRIP = NO;
				ENABLE_NS_ASSERTIONS = NO;
				ENABLE_STRICT_OBJC_MSGSEND = YES;
				GCC_C_LANGUAGE_STANDARD = gnu99;
				GCC_WARN_64_TO_32_BIT_CONVERSION = YES;
				GCC_WARN_ABOUT_RETURN_TYPE = YES_ERROR;
				GCC_WARN_UNDECLARED_SELECTOR = YES;
				GCC_WARN_UNINITIALIZED_AUTOS = YES_AGGRESSIVE;
				GCC_WARN_UNUSED_FUNCTION = YES;
				GCC_WARN_UNUSED_VARIABLE = YES;
				IPHONEOS_DEPLOYMENT_TARGET = 8.2;
				MTL_ENABLE_DEBUG_INFO = NO;
				SDKROOT = iphoneos;
				VALIDATE_PRODUCT = YES;
			};
			name = Release;
		};
		1819190C1AED184E008F9264 /* Debug */ = {
			isa = XCBuildConfiguration;
			buildSettings = {
				ASSETCATALOG_COMPILER_APPICON_NAME = AppIcon;
				INFOPLIST_FILE = "全景汽车/Info.plist";
				LD_RUNPATH_SEARCH_PATHS = "$(inherited) @executable_path/Frameworks";
				PRODUCT_NAME = "$(TARGET_NAME)";
			};
			name = Debug;
		};
		1819190D1AED184E008F9264 /* Release */ = {
			isa = XCBuildConfiguration;
			buildSettings = {
				ASSETCATALOG_COMPILER_APPICON_NAME = AppIcon;
				INFOPLIST_FILE = "全景汽车/Info.plist";
				LD_RUNPATH_SEARCH_PATHS = "$(inherited) @executable_path/Frameworks";
				PRODUCT_NAME = "$(TARGET_NAME)";
			};
			name = Release;
		};
		1819190F1AED184E008F9264 /* Debug */ = {
			isa = XCBuildConfiguration;
			buildSettings = {
				BUNDLE_LOADER = "$(TEST_HOST)";
				FRAMEWORK_SEARCH_PATHS = (
					"$(SDKROOT)/Developer/Library/Frameworks",
					"$(inherited)",
				);
				GCC_PREPROCESSOR_DEFINITIONS = (
					"DEBUG=1",
					"$(inherited)",
				);
				INFOPLIST_FILE = "全景汽车Tests/Info.plist";
				LD_RUNPATH_SEARCH_PATHS = "$(inherited) @executable_path/Frameworks @loader_path/Frameworks";
				PRODUCT_NAME = "$(TARGET_NAME)";
				TEST_HOST = "$(BUILT_PRODUCTS_DIR)/全景汽车.app/全景汽车";
			};
			name = Debug;
		};
		181919101AED184E008F9264 /* Release */ = {
			isa = XCBuildConfiguration;
			buildSettings = {
				BUNDLE_LOADER = "$(TEST_HOST)";
				FRAMEWORK_SEARCH_PATHS = (
					"$(SDKROOT)/Developer/Library/Frameworks",
					"$(inherited)",
				);
				INFOPLIST_FILE = "全景汽车Tests/Info.plist";
				LD_RUNPATH_SEARCH_PATHS = "$(inherited) @executable_path/Frameworks @loader_path/Frameworks";
				PRODUCT_NAME = "$(TARGET_NAME)";
				TEST_HOST = "$(BUILT_PRODUCTS_DIR)/全景汽车.app/全景汽车";
			};
			name = Release;
		};
/* End XCBuildConfiguration section */

/* Begin XCConfigurationList section */
		181918E31AED184E008F9264 /* Build configuration list for PBXProject "全景汽车" */ = {
			isa = XCConfigurationList;
			buildConfigurations = (
				181919091AED184E008F9264 /* Debug */,
				1819190A1AED184E008F9264 /* Release */,
			);
			defaultConfigurationIsVisible = 0;
			defaultConfigurationName = Release;
		};
		1819190B1AED184E008F9264 /* Build configuration list for PBXNativeTarget "全景汽车" */ = {
			isa = XCConfigurationList;
			buildConfigurations = (
				1819190C1AED184E008F9264 /* Debug */,
				1819190D1AED184E008F9264 /* Release */,
			);
			defaultConfigurationIsVisible = 0;
		};
		1819190E1AED184E008F9264 /* Build configuration list for PBXNativeTarget "全景汽车Tests" */ = {
			isa = XCConfigurationList;
			buildConfigurations = (
				1819190F1AED184E008F9264 /* Debug */,
				181919101AED184E008F9264 /* Release */,
			);
			defaultConfigurationIsVisible = 0;
		};
/* End XCConfigurationList section */
	};
	rootObject = 181918E01AED184E008F9264 /* Project object */;
}
